
Microsoft Visual Studio Solution File, Format Version 12.00
# Visual Studio Version 17
VisualStudioVersion = 17.6.33829.357
MinimumVisualStudioVersion = 10.0.40219.1
Project("{8BC9CEB8-8B4A-11D0-8D11-00A0C91BC942}") = "KMP算法", "KMP算法\KMP算法.vcxproj", "{7AC62240-FF65-4A12-A106-739E12001C98}"
EndProject
Project("{8BC9CEB8-8B4A-11D0-8D11-00A0C91BC942}") = "用栈实现队列", "用栈实现队列\用栈实现队列.vcxproj", "{FA14A037-EE3C-4387-8305-D9D3F64FC41D}"
EndProject
Project("{8BC9CEB8-8B4A-11D0-8D11-00A0C91BC942}") = "用队列实现栈", "用队列实现栈\用队列实现栈.vcxproj", "{48210E1B-974E-4649-AE7A-AA02C3764870}"
EndProject
Project("{8BC9CEB8-8B4A-11D0-8D11-00A0C91BC942}") = "有效的括号", "有效的括号\有效的括号.vcxproj", "{881A854A-216F-43AA-B054-6EB0C989F359}"
EndProject
Project("{8BC9CEB8-8B4A-11D0-8D11-00A0C91BC942}") = "删除字符串中相邻重复项", "删除字符串中相邻重复项\删除字符串中相邻重复项.vcxproj", "{8C3EBDCE-D7A5-4568-973D-72A5AAB7622D}"
EndProject
Project("{8BC9CEB8-8B4A-11D0-8D11-00A0C91BC942}") = "逆波兰表达式求值", "逆波兰表达式求值\逆波兰表达式求值.vcxproj", "{DE2CB794-82F7-4749-941E-2FE6854C60B4}"
EndProject
Project("{8BC9CEB8-8B4A-11D0-8D11-00A0C91BC942}") = "求滑动窗口最大值", "求滑动窗口最大值\求滑动窗口最大值.vcxproj", "{1A08C794-AA6E-449D-AE63-01C6864E93C2}"
EndProject
Project("{8BC9CEB8-8B4A-11D0-8D11-00A0C91BC942}") = "求前K个高频元素", "求前K个高频元素\求前K个高频元素.vcxproj", "{90AC3362-FF6C-44AD-AEF9-EE9E43212E49}"
EndProject
Project("{8BC9CEB8-8B4A-11D0-8D11-00A0C91BC942}") = "二叉树的定义", "二叉树的定义\二叉树的定义.vcxproj", "{38CE6BBE-1436-4CDA-BFAC-7798D3E940C1}"
EndProject
Global
	GlobalSection(SolutionConfigurationPlatforms) = preSolution
		Debug|x64 = Debug|x64
		Debug|x86 = Debug|x86
		Release|x64 = Release|x64
		Release|x86 = Release|x86
	EndGlobalSection
	GlobalSection(ProjectConfigurationPlatforms) = postSolution
		{7AC62240-FF65-4A12-A106-739E12001C98}.Debug|x64.ActiveCfg = Debug|x64
		{7AC62240-FF65-4A12-A106-739E12001C98}.Debug|x64.Build.0 = Debug|x64
		{7AC62240-FF65-4A12-A106-739E12001C98}.Debug|x86.ActiveCfg = Debug|Win32
		{7AC62240-FF65-4A12-A106-739E12001C98}.Debug|x86.Build.0 = Debug|Win32
		{7AC62240-FF65-4A12-A106-739E12001C98}.Release|x64.ActiveCfg = Release|x64
		{7AC62240-FF65-4A12-A106-739E12001C98}.Release|x64.Build.0 = Release|x64
		{7AC62240-FF65-4A12-A106-739E12001C98}.Release|x86.ActiveCfg = Release|Win32
		{7AC62240-FF65-4A12-A106-739E12001C98}.Release|x86.Build.0 = Release|Win32
		{FA14A037-EE3C-4387-8305-D9D3F64FC41D}.Debug|x64.ActiveCfg = Debug|x64
		{FA14A037-EE3C-4387-8305-D9D3F64FC41D}.Debug|x64.Build.0 = Debug|x64
		{FA14A037-EE3C-4387-8305-D9D3F64FC41D}.Debug|x86.ActiveCfg = Debug|Win32
		{FA14A037-EE3C-4387-8305-D9D3F64FC41D}.Debug|x86.Build.0 = Debug|Win32
		{FA14A037-EE3C-4387-8305-D9D3F64FC41D}.Release|x64.ActiveCfg = Release|x64
		{FA14A037-EE3C-4387-8305-D9D3F64FC41D}.Release|x64.Build.0 = Release|x64
		{FA14A037-EE3C-4387-8305-D9D3F64FC41D}.Release|x86.ActiveCfg = Release|Win32
		{FA14A037-EE3C-4387-8305-D9D3F64FC41D}.Release|x86.Build.0 = Release|Win32
		{48210E1B-974E-4649-AE7A-AA02C3764870}.Debug|x64.ActiveCfg = Debug|x64
		{48210E1B-974E-4649-AE7A-AA02C3764870}.Debug|x64.Build.0 = Debug|x64
		{48210E1B-974E-4649-AE7A-AA02C3764870}.Debug|x86.ActiveCfg = Debug|Win32
		{48210E1B-974E-4649-AE7A-AA02C3764870}.Debug|x86.Build.0 = Debug|Win32
		{48210E1B-974E-4649-AE7A-AA02C3764870}.Release|x64.ActiveCfg = Release|x64
		{48210E1B-974E-4649-AE7A-AA02C3764870}.Release|x64.Build.0 = Release|x64
		{48210E1B-974E-4649-AE7A-AA02C3764870}.Release|x86.ActiveCfg = Release|Win32
		{48210E1B-974E-4649-AE7A-AA02C3764870}.Release|x86.Build.0 = Release|Win32
		{881A854A-216F-43AA-B054-6EB0C989F359}.Debug|x64.ActiveCfg = Debug|x64
		{881A854A-216F-43AA-B054-6EB0C989F359}.Debug|x64.Build.0 = Debug|x64
		{881A854A-216F-43AA-B054-6EB0C989F359}.Debug|x86.ActiveCfg = Debug|Win32
		{881A854A-216F-43AA-B054-6EB0C989F359}.Debug|x86.Build.0 = Debug|Win32
		{881A854A-216F-43AA-B054-6EB0C989F359}.Release|x64.ActiveCfg = Release|x64
		{881A854A-216F-43AA-B054-6EB0C989F359}.Release|x64.Build.0 = Release|x64
		{881A854A-216F-43AA-B054-6EB0C989F359}.Release|x86.ActiveCfg = Release|Win32
		{881A854A-216F-43AA-B054-6EB0C989F359}.Release|x86.Build.0 = Release|Win32
		{8C3EBDCE-D7A5-4568-973D-72A5AAB7622D}.Debug|x64.ActiveCfg = Debug|x64
		{8C3EBDCE-D7A5-4568-973D-72A5AAB7622D}.Debug|x64.Build.0 = Debug|x64
		{8C3EBDCE-D7A5-4568-973D-72A5AAB7622D}.Debug|x86.ActiveCfg = Debug|Win32
		{8C3EBDCE-D7A5-4568-973D-72A5AAB7622D}.Debug|x86.Build.0 = Debug|Win32
		{8C3EBDCE-D7A5-4568-973D-72A5AAB7622D}.Release|x64.ActiveCfg = Release|x64
		{8C3EBDCE-D7A5-4568-973D-72A5AAB7622D}.Release|x64.Build.0 = Release|x64
		{8C3EBDCE-D7A5-4568-973D-72A5AAB7622D}.Release|x86.ActiveCfg = Release|Win32
		{8C3EBDCE-D7A5-4568-973D-72A5AAB7622D}.Release|x86.Build.0 = Release|Win32
		{DE2CB794-82F7-4749-941E-2FE6854C60B4}.Debug|x64.ActiveCfg = Debug|x64
		{DE2CB794-82F7-4749-941E-2FE6854C60B4}.Debug|x64.Build.0 = Debug|x64
		{DE2CB794-82F7-4749-941E-2FE6854C60B4}.Debug|x86.ActiveCfg = Debug|Win32
		{DE2CB794-82F7-4749-941E-2FE6854C60B4}.Debug|x86.Build.0 = Debug|Win32
		{DE2CB794-82F7-4749-941E-2FE6854C60B4}.Release|x64.ActiveCfg = Release|x64
		{DE2CB794-82F7-4749-941E-2FE6854C60B4}.Release|x64.Build.0 = Release|x64
		{DE2CB794-82F7-4749-941E-2FE6854C60B4}.Release|x86.ActiveCfg = Release|Win32
		{DE2CB794-82F7-4749-941E-2FE6854C60B4}.Release|x86.Build.0 = Release|Win32
		{1A08C794-AA6E-449D-AE63-01C6864E93C2}.Debug|x64.ActiveCfg = Debug|x64
		{1A08C794-AA6E-449D-AE63-01C6864E93C2}.Debug|x64.Build.0 = Debug|x64
		{1A08C794-AA6E-449D-AE63-01C6864E93C2}.Debug|x86.ActiveCfg = Debug|Win32
		{1A08C794-AA6E-449D-AE63-01C6864E93C2}.Debug|x86.Build.0 = Debug|Win32
		{1A08C794-AA6E-449D-AE63-01C6864E93C2}.Release|x64.ActiveCfg = Release|x64
		{1A08C794-AA6E-449D-AE63-01C6864E93C2}.Release|x64.Build.0 = Release|x64
		{1A08C794-AA6E-449D-AE63-01C6864E93C2}.Release|x86.ActiveCfg = Release|Win32
		{1A08C794-AA6E-449D-AE63-01C6864E93C2}.Release|x86.Build.0 = Release|Win32
		{90AC3362-FF6C-44AD-AEF9-EE9E43212E49}.Debug|x64.ActiveCfg = Debug|x64
		{90AC3362-FF6C-44AD-AEF9-EE9E43212E49}.Debug|x64.Build.0 = Debug|x64
		{90AC3362-FF6C-44AD-AEF9-EE9E43212E49}.Debug|x86.ActiveCfg = Debug|Win32
		{90AC3362-FF6C-44AD-AEF9-EE9E43212E49}.Debug|x86.Build.0 = Debug|Win32
		{90AC3362-FF6C-44AD-AEF9-EE9E43212E49}.Release|x64.ActiveCfg = Release|x64
		{90AC3362-FF6C-44AD-AEF9-EE9E43212E49}.Release|x64.Build.0 = Release|x64
		{90AC3362-FF6C-44AD-AEF9-EE9E43212E49}.Release|x86.ActiveCfg = Release|Win32
		{90AC3362-FF6C-44AD-AEF9-EE9E43212E49}.Release|x86.Build.0 = Release|Win32
		{38CE6BBE-1436-4CDA-BFAC-7798D3E940C1}.Debug|x64.ActiveCfg = Debug|x64
		{38CE6BBE-1436-4CDA-BFAC-7798D3E940C1}.Debug|x64.Build.0 = Debug|x64
		{38CE6BBE-1436-4CDA-BFAC-7798D3E940C1}.Debug|x86.ActiveCfg = Debug|Win32
		{38CE6BBE-1436-4CDA-BFAC-7798D3E940C1}.Debug|x86.Build.0 = Debug|Win32
		{38CE6BBE-1436-4CDA-BFAC-7798D3E940C1}.Release|x64.ActiveCfg = Release|x64
		{38CE6BBE-1436-4CDA-BFAC-7798D3E940C1}.Release|x64.Build.0 = Release|x64
		{38CE6BBE-1436-4CDA-BFAC-7798D3E940C1}.Release|x86.ActiveCfg = Release|Win32
		{38CE6BBE-1436-4CDA-BFAC-7798D3E940C1}.Release|x86.Build.0 = Release|Win32
	EndGlobalSection
	GlobalSection(SolutionProperties) = preSolution
		HideSolutionNode = FALSE
	EndGlobalSection
	GlobalSection(ExtensibilityGlobals) = postSolution
		SolutionGuid = {20EBBBCC-A62B-4041-A8F3-E65E1CA5AB47}
	EndGlobalSection
EndGlobal
